
Microsoft Visual Studio Solution File, Format Version 12.00
# Visual Studio 15
VisualStudioVersion = 15.0.28307.1267
MinimumVisualStudioVersion = 10.0.40219.1
Project("{D2ABAB84-BF74-430A-B69E-9DC6D40DDA17}") = "MultidimensionalProject_TP", "MultidimensionalProject_TP\MultidimensionalProject_TP.dwproj", "{55DF4612-72FA-4071-8EE1-7FD2236BB1DB}"
EndProject
Global
	GlobalSection(SolutionConfigurationPlatforms) = preSolution
		Development|Default = Development|Default
	EndGlobalSection
	GlobalSection(ProjectConfigurationPlatforms) = postSolution
		{55DF4612-72FA-4071-8EE1-7FD2236BB1DB}.Development|Default.ActiveCfg = Development
		{55DF4612-72FA-4071-8EE1-7FD2236BB1DB}.Development|Default.Build.0 = Development
		{55DF4612-72FA-4071-8EE1-7FD2236BB1DB}.Development|Default.Deploy.0 = Development
	EndGlobalSection
	GlobalSection(SolutionProperties) = preSolution
		HideSolutionNode = FALSE
	EndGlobalSection
	GlobalSection(ExtensibilityGlobals) = postSolution
		SolutionGuid = {AC4C0A5C-C97C-4D42-963D-885F11676C15}
	EndGlobalSection
EndGlobal
